
Microsoft Visual Studio Solution File, Format Version 12.00
# Visual Studio Version 17
VisualStudioVersion = 17.1.32319.34
MinimumVisualStudioVersion = 10.0.40219.1
Project("{FAE04EC0-301F-11D3-BF4B-00C04F79EFBC}") = "GC_Lab6", "GC_Lab6\GC_Lab6.csproj", "{9D884CDF-371F-4B6B-B8CF-F46DB5A6C5CB}"
EndProject
Global
	GlobalSection(SolutionConfigurationPlatforms) = preSolution
		Debug|Any CPU = Debug|Any CPU
		Release|Any CPU = Release|Any CPU
	EndGlobalSection
	GlobalSection(ProjectConfigurationPlatforms) = postSolution
		{9D884CDF-371F-4B6B-B8CF-F46DB5A6C5CB}.Debug|Any CPU.ActiveCfg = Debug|Any CPU
		{9D884CDF-371F-4B6B-B8CF-F46DB5A6C5CB}.Debug|Any CPU.Build.0 = Debug|Any CPU
		{9D884CDF-371F-4B6B-B8CF-F46DB5A6C5CB}.Release|Any CPU.ActiveCfg = Release|Any CPU
		{9D884CDF-371F-4B6B-B8CF-F46DB5A6C5CB}.Release|Any CPU.Build.0 = Release|Any CPU
	EndGlobalSection
	GlobalSection(SolutionProperties) = preSolution
		HideSolutionNode = FALSE
	EndGlobalSection
	GlobalSection(ExtensibilityGlobals) = postSolution
		SolutionGuid = {FFAD620B-2DF3-433B-99E9-DAA16A96A9C5}
	EndGlobalSection
EndGlobal
